
Microsoft Visual Studio Solution File, Format Version 12.00
# Visual Studio Version 17
VisualStudioVersion = 17.2.32616.157
MinimumVisualStudioVersion = 10.0.40219.1
Project("{FAE04EC0-301F-11D3-BF4B-00C04F79EFBC}") = "Competencey Converter", "Competencey Converter\Competencey Converter.csproj", "{3DFAA09B-9D1F-4365-ABED-9C220119E817}"
EndProject
Global
	GlobalSection(SolutionConfigurationPlatforms) = preSolution
		Debug|Any CPU = Debug|Any CPU
		Release|Any CPU = Release|Any CPU
	EndGlobalSection
	GlobalSection(ProjectConfigurationPlatforms) = postSolution
		{3DFAA09B-9D1F-4365-ABED-9C220119E817}.Debug|Any CPU.ActiveCfg = Debug|Any CPU
		{3DFAA09B-9D1F-4365-ABED-9C220119E817}.Debug|Any CPU.Build.0 = Debug|Any CPU
		{3DFAA09B-9D1F-4365-ABED-9C220119E817}.Release|Any CPU.ActiveCfg = Release|Any CPU
		{3DFAA09B-9D1F-4365-ABED-9C220119E817}.Release|Any CPU.Build.0 = Release|Any CPU
	EndGlobalSection
	GlobalSection(SolutionProperties) = preSolution
		HideSolutionNode = FALSE
	EndGlobalSection
	GlobalSection(ExtensibilityGlobals) = postSolution
		SolutionGuid = {6C96F04D-EA12-4104-95F6-A2216626E795}
	EndGlobalSection
EndGlobal
